// !$*UTF8*$!
{
	archiveVersion = 1;
	classes = {
	};
	objectVersion = 46;
	objects = {

/* Begin PBXBuildFile section */
		506229AC1AAC18E900B250BE /* AppDelegate.swift in Sources */ = {isa = PBXBuildFile; fileRef = 506229AB1AAC18E900B250BE /* AppDelegate.swift */; };
		506229AE1AAC18E900B250BE /* ViewController.swift in Sources */ = {isa = PBXBuildFile; fileRef = 506229AD1AAC18E900B250BE /* ViewController.swift */; };
		506229B11AAC18E900B250BE /* Main.storyboard in Resources */ = {isa = PBXBuildFile; fileRef = 506229AF1AAC18E900B250BE /* Main.storyboard */; };
		506229B31AAC18E900B250BE /* Images.xcassets in Resources */ = {isa = PBXBuildFile; fileRef = 506229B21AAC18E900B250BE /* Images.xcassets */; };
		506229B61AAC18E900B250BE /* LaunchScreen.xib in Resources */ = {isa = PBXBuildFile; fileRef = 506229B41AAC18E900B250BE /* LaunchScreen.xib */; };
		506229C21AAC18E900B250BE /* test_projectTests.swift in Sources */ = {isa = PBXBuildFile; fileRef = 506229C11AAC18E900B250BE /* test_projectTests.swift */; };
/* End PBXBuildFile section */

/* Begin PBXContainerItemProxy section */
		506229BC1AAC18E900B250BE /* PBXContainerItemProxy */ = {
			isa = PBXContainerItemProxy;
			containerPortal = 5062299E1AAC18E900B250BE /* Project object */;
			proxyType = 1;
			remoteGlobalIDString = 506229A51AAC18E900B250BE;
			remoteInfo = "test project";
		};
/* End PBXContainerItemProxy section */

/* Begin PBXFileReference section */
		506229A61AAC18E900B250BE /* test project.app */ = {isa = PBXFileReference; explicitFileType = wrapper.application; includeInIndex = 0; path = "test project.app"; sourceTree = BUILT_PRODUCTS_DIR; };
		506229AA1AAC18E900B250BE /* Info.plist */ = {isa = PBXFileReference; lastKnownFileType = text.plist.xml; path = Info.plist; sourceTree = "<group>"; };
		506229AB1AAC18E900B250BE /* AppDelegate.swift */ = {isa = PBXFileReference; lastKnownFileType = sourcecode.swift; path = AppDelegate.swift; sourceTree = "<group>"; };
		506229AD1AAC18E900B250BE /* ViewController.swift */ = {isa = PBXFileReference; lastKnownFileType = sourcecode.swift; path = ViewController.swift; sourceTree = "<group>"; };
		506229B01AAC18E900B250BE /* Base */ = {isa = PBXFileReference; lastKnownFileType = file.storyboard; name = Base; path = Base.lproj/Main.storyboard; sourceTree = "<group>"; };
		506229B21AAC18E900B250BE /* Images.xcassets */ = {isa = PBXFileReference; lastKnownFileType = folder.assetcatalog; path = Images.xcassets; sourceTree = "<group>"; };
		506229B51AAC18E900B250BE /* Base */ = {isa = PBXFileReference; lastKnownFileType = file.xib; name = Base; path = Base.lproj/LaunchScreen.xib; sourceTree = "<group>"; };
		506229BB1AAC18E900B250BE /* test projectTests.xctest */ = {isa = PBXFileReference; explicitFileType = wrapper.cfbundle; includeInIndex = 0; path = "test projectTests.xctest"; sourceTree = BUILT_PRODUCTS_DIR; };
		506229C01AAC18E900B250BE /* Info.plist */ = {isa = PBXFileReference; lastKnownFileType = text.plist.xml; path = Info.plist; sourceTree = "<group>"; };
		506229C11AAC18E900B250BE /* test_projectTests.swift */ = {isa = PBXFileReference; lastKnownFileType = sourcecode.swift; path = test_projectTests.swift; sourceTree = "<group>"; };
/* End PBXFileReference section */

/* Begin PBXFrameworksBuildPhase section */
		506229A31AAC18E900B250BE /* Frameworks */ = {
			isa = PBXFrameworksBuildPhase;
			buildActionMask = 2147483647;
			files = (
			);
			runOnlyForDeploymentPostprocessing = 0;
		};
		506229B81AAC18E900B250BE /* Frameworks */ = {
			isa = PBXFrameworksBuildPhase;
			buildActionMask = 2147483647;
			files = (
			);
			runOnlyForDeploymentPostprocessing = 0;
		};
/* End PBXFrameworksBuildPhase section */

/* Begin PBXGroup section */
		5062299D1AAC18E900B250BE = {
			isa = PBXGroup;
			children = (
				506229A81AAC18E900B250BE /* test project */,
				506229BE1AAC18E900B250BE /* test projectTests */,
				506229A71AAC18E900B250BE /* Products */,
			);
			sourceTree = "<group>";
		};
		506229A71AAC18E900B250BE /* Products */ = {
			isa = PBXGroup;
			children = (
				506229A61AAC18E900B250BE /* test project.app */,
				506229BB1AAC18E900B250BE /* test projectTests.xctest */,
			);
			name = Products;
			sourceTree = "<group>";
		};
		506229A81AAC18E900B250BE /* test project */ = {
			isa = PBXGroup;
			children = (
				506229AB1AAC18E900B250BE /* AppDelegate.swift */,
				506229AD1AAC18E900B250BE /* ViewController.swift */,
				506229AF1AAC18E900B250BE /* Main.storyboard */,
				506229B21AAC18E900B250BE /* Images.xcassets */,
				506229B41AAC18E900B250BE /* LaunchScreen.xib */,
				506229A91AAC18E900B250BE /* Supporting Files */,
			);
			path = "test project";
			sourceTree = "<group>";
		};
		506229A91AAC18E900B250BE /* Supporting Files */ = {
			isa = PBXGroup;
			children = (
				506229AA1AAC18E900B250BE /* Info.plist */,
			);
			name = "Supporting Files";
			sourceTree = "<group>";
		};
		506229BE1AAC18E900B250BE /* test projectTests */ = {
			isa = PBXGroup;
			children = (
				506229C11AAC18E900B250BE /* test_projectTests.swift */,
				506229BF1AAC18E900B250BE /* Supporting Files */,
			);
			path = "test projectTests";
			sourceTree = "<group>";
		};
		506229BF1AAC18E900B250BE /* Supporting Files */ = {
			isa = PBXGroup;
			children = (
				506229C01AAC18E900B250BE /* Info.plist */,
			);
			name = "Supporting Files";
			sourceTree = "<group>";
		};
/* End PBXGroup section */

/* Begin PBXNativeTarget section */
		506229A51AAC18E900B250BE /* test project */ = {
			isa = PBXNativeTarget;
			buildConfigurationList = 506229C51AAC18E900B250BE /* Build configuration list for PBXNativeTarget "test project" */;
			buildPhases = (
				506229A21AAC18E900B250BE /* Sources */,
				506229A31AAC18E900B250BE /* Frameworks */,
				506229A41AAC18E900B250BE /* Resources */,
			);
			buildRules = (
			);
			dependencies = (
			);
			name = "test project";
			productName = "test project";
			productReference = 506229A61AAC18E900B250BE /* test project.app */;
			productType = "com.apple.product-type.application";
		};
		506229BA1AAC18E900B250BE /* test projectTests */ = {
			isa = PBXNativeTarget;
			buildConfigurationList = 506229C81AAC18E900B250BE /* Build configuration list for PBXNativeTarget "test projectTests" */;
			buildPhases = (
				506229B71AAC18E900B250BE /* Sources */,
				506229B81AAC18E900B250BE /* Frameworks */,
				506229B91AAC18E900B250BE /* Resources */,
			);
			buildRules = (
			);
			dependencies = (
				506229BD1AAC18E900B250BE /* PBXTargetDependency */,
			);
			name = "test projectTests";
			productName = "test projectTests";
			productReference = 506229BB1AAC18E900B250BE /* test projectTests.xctest */;
			productType = "com.apple.product-type.bundle.unit-test";
		};
/* End PBXNativeTarget section */

/* Begin PBXProject section */
		5062299E1AAC18E900B250BE /* Project object */ = {
			isa = PBXProject;
			attributes = {
				LastUpgradeCheck = 0610;
				ORGANIZATIONNAME = Testing;
				TargetAttributes = {
					506229A51AAC18E900B250BE = {
						CreatedOnToolsVersion = 6.1.1;
					};
					506229BA1AAC18E900B250BE = {
						CreatedOnToolsVersion = 6.1.1;
						TestTargetID = 506229A51AAC18E900B250BE;
					};
				};
			};
			buildConfigurationList = 506229A11AAC18E900B250BE /* Build configuration list for PBXProject "test project" */;
			compatibilityVersion = "Xcode 3.2";
			developmentRegion = English;
			hasScannedForEncodings = 0;
			knownRegions = (
				en,
				Base,
			);
			mainGroup = 5062299D1AAC18E900B250BE;
			productRefGroup = 506229A71AAC18E900B250BE /* Products */;
			projectDirPath = "";
			projectRoot = "";
			targets = (
				506229A51AAC18E900B250BE /* test project */,
				506229BA1AAC18E900B250BE /* test projectTests */,
			);
		};
/* End PBXProject section */

/* Begin PBXResourcesBuildPhase section */
		506229A41AAC18E900B250BE /* Resources */ = {
			isa = PBXResourcesBuildPhase;
			buildActionMask = 2147483647;
			files = (
				506229B11AAC18E900B250BE /* Main.storyboard in Resources */,
				506229B61AAC18E900B250BE /* LaunchScreen.xib in Resources */,
				506229B31AAC18E900B250BE /* Images.xcassets in Resources */,
			);
			runOnlyForDeploymentPostprocessing = 0;
		};
		506229B91AAC18E900B250BE /* Resources */ = {
			isa = PBXResourcesBuildPhase;
			buildActionMask = 2147483647;
			files = (
			);
			runOnlyForDeploymentPostprocessing = 0;
		};
/* End PBXResourcesBuildPhase section */

/* Begin PBXSourcesBuildPhase section */
		506229A21AAC18E900B250BE /* Sources */ = {
			isa = PBXSourcesBuildPhase;
			buildActionMask = 2147483647;
			files = (
				506229AE1AAC18E900B250BE /* ViewController.swift in Sources */,
				506229AC1AAC18E900B250BE /* AppDelegate.swift in Sources */,
			);
			runOnlyForDeploymentPostprocessing = 0;
		};
		506229B71AAC18E900B250BE /* Sources */ = {
			isa = PBXSourcesBuildPhase;
			buildActionMask = 2147483647;
			files = (
				506229C21AAC18E900B250BE /* test_projectTests.swift in Sources */,
			);
			runOnlyForDeploymentPostprocessing = 0;
		};
/* End PBXSourcesBuildPhase section */

/* Begin PBXTargetDependency section */
		506229BD1AAC18E900B250BE /* PBXTargetDependency */ = {
			isa = PBXTargetDependency;
			target = 506229A51AAC18E900B250BE /* test project */;
			targetProxy = 506229BC1AAC18E900B250BE /* PBXContainerItemProxy */;
		};
/* End PBXTargetDependency section */

/* Begin PBXVariantGroup section */
		506229AF1AAC18E900B250BE /* Main.storyboard */ = {
			isa = PBXVariantGroup;
			children = (
				506229B01AAC18E900B250BE /* Base */,
			);
			name = Main.storyboard;
			sourceTree = "<group>";
		};
		506229B41AAC18E900B250BE /* LaunchScreen.xib */ = {
			isa = PBXVariantGroup;
			children = (
				506229B51AAC18E900B250BE /* Base */,
			);
			name = LaunchScreen.xib;
			sourceTree = "<group>";
		};
/* End PBXVariantGroup section */

/* Begin XCBuildConfiguration section */
		506229C31AAC18E900B250BE /* Debug */ = {
			isa = XCBuildConfiguration;
			buildSettings = {
				ALWAYS_SEARCH_USER_PATHS = NO;
				CLANG_CXX_LANGUAGE_STANDARD = "gnu++0x";
				CLANG_CXX_LIBRARY = "libc++";
				CLANG_ENABLE_MODULES = YES;
				CLANG_ENABLE_OBJC_ARC = YES;
				CLANG_WARN_BOOL_CONVERSION = YES;
				CLANG_WARN_CONSTANT_CONVERSION = YES;
				CLANG_WARN_DIRECT_OBJC_ISA_USAGE = YES_ERROR;
				CLANG_WARN_EMPTY_BODY = YES;
				CLANG_WARN_ENUM_CONVERSION = YES;
				CLANG_WARN_INT_CONVERSION = YES;
				CLANG_WARN_OBJC_ROOT_CLASS = YES_ERROR;
				CLANG_WARN_UNREACHABLE_CODE = YES;
				CLANG_WARN__DUPLICATE_METHOD_MATCH = YES;
				"CODE_SIGN_IDENTITY[sdk=iphoneos*]" = "iPhone Developer";
				COPY_PHASE_STRIP = NO;
				ENABLE_STRICT_OBJC_MSGSEND = YES;
				GCC_C_LANGUAGE_STANDARD = gnu99;
				GCC_DYNAMIC_NO_PIC = NO;
				GCC_OPTIMIZATION_LEVEL = 0;
				GCC_PREPROCESSOR_DEFINITIONS = (
					"DEBUG=1",
					"$(inherited)",
				);
				GCC_SYMBOLS_PRIVATE_EXTERN = NO;
				GCC_WARN_64_TO_32_BIT_CONVERSION = YES;
				GCC_WARN_ABOUT_RETURN_TYPE = YES_ERROR;
				GCC_WARN_UNDECLARED_SELECTOR = YES;
				GCC_WARN_UNINITIALIZED_AUTOS = YES_AGGRESSIVE;
				GCC_WARN_UNUSED_FUNCTION = YES;
				GCC_WARN_UNUSED_VARIABLE = YES;
				IPHONEOS_DEPLOYMENT_TARGET = 8.1;
				MTL_ENABLE_DEBUG_INFO = YES;
				ONLY_ACTIVE_ARCH = YES;
				SDKROOT = iphoneos;
				SWIFT_OPTIMIZATION_LEVEL = "-Onone";
			};
			name = Debug;
		};
		506229C41AAC18E900B250BE /* Release */ = {
			isa = XCBuildConfiguration;
			buildSettings = {
				ALWAYS_SEARCH_USER_PATHS = NO;
				CLANG_CXX_LANGUAGE_STANDARD = "gnu++0x";
				CLANG_CXX_LIBRARY = "libc++";
				CLANG_ENABLE_MODULES = YES;
				CLANG_ENABLE_OBJC_ARC = YES;
				CLANG_WARN_BOOL_CONVERSION = YES;
				CLANG_WARN_CONSTANT_CONVERSION = YES;
				CLANG_WARN_DIRECT_OBJC_ISA_USAGE = YES_ERROR;
				CLANG_WARN_EMPTY_BODY = YES;
				CLANG_WARN_ENUM_CONVERSION = YES;
				CLANG_WARN_INT_CONVERSION = YES;
				CLANG_WARN_OBJC_ROOT_CLASS = YES_ERROR;
				CLANG_WARN_UNREACHABLE_CODE = YES;
				CLANG_WARN__DUPLICATE_METHOD_MATCH = YES;
				"CODE_SIGN_IDENTITY[sdk=iphoneos*]" = "iPhone Developer";
				COPY_PHASE_STRIP = YES;
				ENABLE_NS_ASSERTIONS = NO;
				ENABLE_STRICT_OBJC_MSGSEND = YES;
				GCC_C_LANGUAGE_STANDARD = gnu99;
				GCC_WARN_64_TO_32_BIT_CONVERSION = YES;
				GCC_WARN_ABOUT_RETURN_TYPE = YES_ERROR;
				GCC_WARN_UNDECLARED_SELECTOR = YES;
				GCC_WARN_UNINITIALIZED_AUTOS = YES_AGGRESSIVE;
				GCC_WARN_UNUSED_FUNCTION = YES;
				GCC_WARN_UNUSED_VARIABLE = YES;
				IPHONEOS_DEPLOYMENT_TARGET = 8.1;
				MTL_ENABLE_DEBUG_INFO = NO;
				SDKROOT = iphoneos;
				VALIDATE_PRODUCT = YES;
			};
			name = Release;
		};
		506229C61AAC18E900B250BE /* Debug */ = {
			isa = XCBuildConfiguration;
			buildSettings = {
				ASSETCATALOG_COMPILER_APPICON_NAME = AppIcon;
				INFOPLIST_FILE = "test project/Info.plist";
				IPHONEOS_DEPLOYMENT_TARGET = 7.1;
				LD_RUNPATH_SEARCH_PATHS = "$(inherited) @executable_path/Frameworks";
				PRODUCT_NAME = "$(TARGET_NAME)";
				TARGETED_DEVICE_FAMILY = "1,2";
			};
			name = Debug;
		};
		506229C71AAC18E900B250BE /* Release */ = {
			isa = XCBuildConfiguration;
			buildSettings = {
				ASSETCATALOG_COMPILER_APPICON_NAME = AppIcon;
				INFOPLIST_FILE = "test project/Info.plist";
				IPHONEOS_DEPLOYMENT_TARGET = 7.1;
				LD_RUNPATH_SEARCH_PATHS = "$(inherited) @executable_path/Frameworks";
				PRODUCT_NAME = "$(TARGET_NAME)";
				TARGETED_DEVICE_FAMILY = "1,2";
			};
			name = Release;
		};
		506229C91AAC18E900B250BE /* Debug */ = {
			isa = XCBuildConfiguration;
			buildSettings = {
				BUNDLE_LOADER = "$(TEST_HOST)";
				FRAMEWORK_SEARCH_PATHS = (
					"$(SDKROOT)/Developer/Library/Frameworks",
					"$(inherited)",
				);
				GCC_PREPROCESSOR_DEFINITIONS = (
					"DEBUG=1",
					"$(inherited)",
				);
				INFOPLIST_FILE = "test projectTests/Info.plist";
				LD_RUNPATH_SEARCH_PATHS = "$(inherited) @executable_path/Frameworks @loader_path/Frameworks";
				PRODUCT_NAME = "$(TARGET_NAME)";
				TEST_HOST = "$(BUILT_PRODUCTS_DIR)/test project.app/test project";
			};
			name = Debug;
		};
		506229CA1AAC18E900B250BE /* Release */ = {
			isa = XCBuildConfiguration;
			buildSettings = {
				BUNDLE_LOADER = "$(TEST_HOST)";
				FRAMEWORK_SEARCH_PATHS = (
					"$(SDKROOT)/Developer/Library/Frameworks",
					"$(inherited)",
				);
				INFOPLIST_FILE = "test projectTests/Info.plist";
				LD_RUNPATH_SEARCH_PATHS = "$(inherited) @executable_path/Frameworks @loader_path/Frameworks";
				PRODUCT_NAME = "$(TARGET_NAME)";
				TEST_HOST = "$(BUILT_PRODUCTS_DIR)/test project.app/test project";
			};
			name = Release;
		};
/* End XCBuildConfiguration section */

/* Begin XCConfigurationList section */
		506229A11AAC18E900B250BE /* Build configuration list for PBXProject "test project" */ = {
			isa = XCConfigurationList;
			buildConfigurations = (
				506229C31AAC18E900B250BE /* Debug */,
				506229C41AAC18E900B250BE /* Release */,
			);
			defaultConfigurationIsVisible = 0;
			defaultConfigurationName = Release;
		};
		506229C51AAC18E900B250BE /* Build configuration list for PBXNativeTarget "test project" */ = {
			isa = XCConfigurationList;
			buildConfigurations = (
				506229C61AAC18E900B250BE /* Debug */,
				506229C71AAC18E900B250BE /* Release */,
			);
			defaultConfigurationIsVisible = 0;
		};
		506229C81AAC18E900B250BE /* Build configuration list for PBXNativeTarget "test projectTests" */ = {
			isa = XCConfigurationList;
			buildConfigurations = (
				506229C91AAC18E900B250BE /* Debug */,
				506229CA1AAC18E900B250BE /* Release */,
			);
			defaultConfigurationIsVisible = 0;
		};
/* End XCConfigurationList section */
	};
	rootObject = 5062299E1AAC18E900B250BE /* Project object */;
}
