// !$*UTF8*$!
{
	archiveVersion = 1;
	classes = {
	};
	objectVersion = 46;
	objects = {

/* Begin PBXBuildFile section */
		50B495A61996AF4600370281 /* main.m in Sources */ = {isa = PBXBuildFile; fileRef = 50B495A51996AF4600370281 /* main.m */; };
		50B495A91996AF4600370281 /* AppDelegate.m in Sources */ = {isa = PBXBuildFile; fileRef = 50B495A81996AF4600370281 /* AppDelegate.m */; };
		50B495AC1996AF4600370281 /* MasterViewController.m in Sources */ = {isa = PBXBuildFile; fileRef = 50B495AB1996AF4600370281 /* MasterViewController.m */; };
		50B495AF1996AF4600370281 /* DetailViewController.m in Sources */ = {isa = PBXBuildFile; fileRef = 50B495AE1996AF4600370281 /* DetailViewController.m */; };
		50B495B21996AF4600370281 /* Main.storyboard in Resources */ = {isa = PBXBuildFile; fileRef = 50B495B01996AF4600370281 /* Main.storyboard */; };
		50B495B41996AF4600370281 /* Images.xcassets in Resources */ = {isa = PBXBuildFile; fileRef = 50B495B31996AF4600370281 /* Images.xcassets */; };
		50B495C01996AF4700370281 /* Test_AppTests.m in Sources */ = {isa = PBXBuildFile; fileRef = 50B495BF1996AF4700370281 /* Test_AppTests.m */; };
/* End PBXBuildFile section */

/* Begin PBXContainerItemProxy section */
		50B495BA1996AF4700370281 /* PBXContainerItemProxy */ = {
			isa = PBXContainerItemProxy;
			containerPortal = 50B495981996AF4600370281 /* Project object */;
			proxyType = 1;
			remoteGlobalIDString = 50B4959F1996AF4600370281;
			remoteInfo = "Test App";
		};
/* End PBXContainerItemProxy section */

/* Begin PBXFileReference section */
		50B495A01996AF4600370281 /* Test App.app */ = {isa = PBXFileReference; explicitFileType = wrapper.application; includeInIndex = 0; path = "Test App.app"; sourceTree = BUILT_PRODUCTS_DIR; };
		50B495A41996AF4600370281 /* Info.plist */ = {isa = PBXFileReference; lastKnownFileType = text.plist.xml; path = Info.plist; sourceTree = "<group>"; };
		50B495A51996AF4600370281 /* main.m */ = {isa = PBXFileReference; lastKnownFileType = sourcecode.c.objc; path = main.m; sourceTree = "<group>"; };
		50B495A71996AF4600370281 /* AppDelegate.h */ = {isa = PBXFileReference; lastKnownFileType = sourcecode.c.h; path = AppDelegate.h; sourceTree = "<group>"; };
		50B495A81996AF4600370281 /* AppDelegate.m */ = {isa = PBXFileReference; lastKnownFileType = sourcecode.c.objc; path = AppDelegate.m; sourceTree = "<group>"; };
		50B495AA1996AF4600370281 /* MasterViewController.h */ = {isa = PBXFileReference; lastKnownFileType = sourcecode.c.h; path = MasterViewController.h; sourceTree = "<group>"; };
		50B495AB1996AF4600370281 /* MasterViewController.m */ = {isa = PBXFileReference; lastKnownFileType = sourcecode.c.objc; path = MasterViewController.m; sourceTree = "<group>"; };
		50B495AD1996AF4600370281 /* DetailViewController.h */ = {isa = PBXFileReference; lastKnownFileType = sourcecode.c.h; path = DetailViewController.h; sourceTree = "<group>"; };
		50B495AE1996AF4600370281 /* DetailViewController.m */ = {isa = PBXFileReference; lastKnownFileType = sourcecode.c.objc; path = DetailViewController.m; sourceTree = "<group>"; };
		50B495B11996AF4600370281 /* Base */ = {isa = PBXFileReference; lastKnownFileType = file.storyboard; name = Base; path = Base.lproj/Main.storyboard; sourceTree = "<group>"; };
		50B495B31996AF4600370281 /* Images.xcassets */ = {isa = PBXFileReference; lastKnownFileType = folder.assetcatalog; path = Images.xcassets; sourceTree = "<group>"; };
		50B495B91996AF4700370281 /* Test AppTests.xctest */ = {isa = PBXFileReference; explicitFileType = wrapper.cfbundle; includeInIndex = 0; path = "Test AppTests.xctest"; sourceTree = BUILT_PRODUCTS_DIR; };
		50B495BE1996AF4700370281 /* Info.plist */ = {isa = PBXFileReference; lastKnownFileType = text.plist.xml; path = Info.plist; sourceTree = "<group>"; };
		50B495BF1996AF4700370281 /* Test_AppTests.m */ = {isa = PBXFileReference; lastKnownFileType = sourcecode.c.objc; path = Test_AppTests.m; sourceTree = "<group>"; };
/* End PBXFileReference section */

/* Begin PBXFrameworksBuildPhase section */
		50B4959D1996AF4600370281 /* Frameworks */ = {
			isa = PBXFrameworksBuildPhase;
			buildActionMask = 2147483647;
			files = (
			);
			runOnlyForDeploymentPostprocessing = 0;
		};
		50B495B61996AF4700370281 /* Frameworks */ = {
			isa = PBXFrameworksBuildPhase;
			buildActionMask = 2147483647;
			files = (
			);
			runOnlyForDeploymentPostprocessing = 0;
		};
/* End PBXFrameworksBuildPhase section */

/* Begin PBXGroup section */
		50B495971996AF4600370281 = {
			isa = PBXGroup;
			children = (
				50B495A21996AF4600370281 /* Test App */,
				50B495BC1996AF4700370281 /* Test AppTests */,
				50B495A11996AF4600370281 /* Products */,
			);
			sourceTree = "<group>";
		};
		50B495A11996AF4600370281 /* Products */ = {
			isa = PBXGroup;
			children = (
				50B495A01996AF4600370281 /* Test App.app */,
				50B495B91996AF4700370281 /* Test AppTests.xctest */,
			);
			name = Products;
			sourceTree = "<group>";
		};
		50B495A21996AF4600370281 /* Test App */ = {
			isa = PBXGroup;
			children = (
				50B495A71996AF4600370281 /* AppDelegate.h */,
				50B495A81996AF4600370281 /* AppDelegate.m */,
				50B495AA1996AF4600370281 /* MasterViewController.h */,
				50B495AB1996AF4600370281 /* MasterViewController.m */,
				50B495AD1996AF4600370281 /* DetailViewController.h */,
				50B495AE1996AF4600370281 /* DetailViewController.m */,
				50B495B01996AF4600370281 /* Main.storyboard */,
				50B495B31996AF4600370281 /* Images.xcassets */,
				50B495A31996AF4600370281 /* Supporting Files */,
			);
			path = "Test App";
			sourceTree = "<group>";
		};
		50B495A31996AF4600370281 /* Supporting Files */ = {
			isa = PBXGroup;
			children = (
				50B495A41996AF4600370281 /* Info.plist */,
				50B495A51996AF4600370281 /* main.m */,
			);
			name = "Supporting Files";
			sourceTree = "<group>";
		};
		50B495BC1996AF4700370281 /* Test AppTests */ = {
			isa = PBXGroup;
			children = (
				50B495BF1996AF4700370281 /* Test_AppTests.m */,
				50B495BD1996AF4700370281 /* Supporting Files */,
			);
			path = "Test AppTests";
			sourceTree = "<group>";
		};
		50B495BD1996AF4700370281 /* Supporting Files */ = {
			isa = PBXGroup;
			children = (
				50B495BE1996AF4700370281 /* Info.plist */,
			);
			name = "Supporting Files";
			sourceTree = "<group>";
		};
/* End PBXGroup section */

/* Begin PBXNativeTarget section */
		50B4959F1996AF4600370281 /* Test App */ = {
			isa = PBXNativeTarget;
			buildConfigurationList = 50B495C31996AF4700370281 /* Build configuration list for PBXNativeTarget "Test App" */;
			buildPhases = (
				50B4959C1996AF4600370281 /* Sources */,
				50B4959D1996AF4600370281 /* Frameworks */,
				50B4959E1996AF4600370281 /* Resources */,
			);
			buildRules = (
			);
			dependencies = (
			);
			name = "Test App";
			productName = "Test App";
			productReference = 50B495A01996AF4600370281 /* Test App.app */;
			productType = "com.apple.product-type.application";
		};
		50B495B81996AF4700370281 /* Test AppTests */ = {
			isa = PBXNativeTarget;
			buildConfigurationList = 50B495C61996AF4700370281 /* Build configuration list for PBXNativeTarget "Test AppTests" */;
			buildPhases = (
				50B495B51996AF4700370281 /* Sources */,
				50B495B61996AF4700370281 /* Frameworks */,
				50B495B71996AF4700370281 /* Resources */,
			);
			buildRules = (
			);
			dependencies = (
				50B495BB1996AF4700370281 /* PBXTargetDependency */,
			);
			name = "Test AppTests";
			productName = "Test AppTests";
			productReference = 50B495B91996AF4700370281 /* Test AppTests.xctest */;
			productType = "com.apple.product-type.bundle.unit-test";
		};
/* End PBXNativeTarget section */

/* Begin PBXProject section */
		50B495981996AF4600370281 /* Project object */ = {
			isa = PBXProject;
			attributes = {
				LastUpgradeCheck = 0600;
				ORGANIZATIONNAME = "Big Nerd Ranch";
				TargetAttributes = {
					50B4959F1996AF4600370281 = {
						CreatedOnToolsVersion = 6.0;
					};
					50B495B81996AF4700370281 = {
						CreatedOnToolsVersion = 6.0;
						TestTargetID = 50B4959F1996AF4600370281;
					};
				};
			};
			buildConfigurationList = 50B4959B1996AF4600370281 /* Build configuration list for PBXProject "Test App" */;
			compatibilityVersion = "Xcode 3.2";
			developmentRegion = English;
			hasScannedForEncodings = 0;
			knownRegions = (
				en,
				Base,
			);
			mainGroup = 50B495971996AF4600370281;
			productRefGroup = 50B495A11996AF4600370281 /* Products */;
			projectDirPath = "";
			projectRoot = "";
			targets = (
				50B4959F1996AF4600370281 /* Test App */,
				50B495B81996AF4700370281 /* Test AppTests */,
			);
		};
/* End PBXProject section */

/* Begin PBXResourcesBuildPhase section */
		50B4959E1996AF4600370281 /* Resources */ = {
			isa = PBXResourcesBuildPhase;
			buildActionMask = 2147483647;
			files = (
				50B495B21996AF4600370281 /* Main.storyboard in Resources */,
				50B495B41996AF4600370281 /* Images.xcassets in Resources */,
			);
			runOnlyForDeploymentPostprocessing = 0;
		};
		50B495B71996AF4700370281 /* Resources */ = {
			isa = PBXResourcesBuildPhase;
			buildActionMask = 2147483647;
			files = (
			);
			runOnlyForDeploymentPostprocessing = 0;
		};
/* End PBXResourcesBuildPhase section */

/* Begin PBXSourcesBuildPhase section */
		50B4959C1996AF4600370281 /* Sources */ = {
			isa = PBXSourcesBuildPhase;
			buildActionMask = 2147483647;
			files = (
				50B495A91996AF4600370281 /* AppDelegate.m in Sources */,
				50B495AC1996AF4600370281 /* MasterViewController.m in Sources */,
				50B495A61996AF4600370281 /* main.m in Sources */,
				50B495AF1996AF4600370281 /* DetailViewController.m in Sources */,
			);
			runOnlyForDeploymentPostprocessing = 0;
		};
		50B495B51996AF4700370281 /* Sources */ = {
			isa = PBXSourcesBuildPhase;
			buildActionMask = 2147483647;
			files = (
				50B495C01996AF4700370281 /* Test_AppTests.m in Sources */,
			);
			runOnlyForDeploymentPostprocessing = 0;
		};
/* End PBXSourcesBuildPhase section */

/* Begin PBXTargetDependency section */
		50B495BB1996AF4700370281 /* PBXTargetDependency */ = {
			isa = PBXTargetDependency;
			target = 50B4959F1996AF4600370281 /* Test App */;
			targetProxy = 50B495BA1996AF4700370281 /* PBXContainerItemProxy */;
		};
/* End PBXTargetDependency section */

/* Begin PBXVariantGroup section */
		50B495B01996AF4600370281 /* Main.storyboard */ = {
			isa = PBXVariantGroup;
			children = (
				50B495B11996AF4600370281 /* Base */,
			);
			name = Main.storyboard;
			sourceTree = "<group>";
		};
/* End PBXVariantGroup section */

/* Begin XCBuildConfiguration section */
		50B495C11996AF4700370281 /* Debug */ = {
			isa = XCBuildConfiguration;
			buildSettings = {
				ALWAYS_SEARCH_USER_PATHS = NO;
				CLANG_CXX_LANGUAGE_STANDARD = "gnu++0x";
				CLANG_CXX_LIBRARY = "libc++";
				CLANG_ENABLE_MODULES = YES;
				CLANG_ENABLE_OBJC_ARC = YES;
				CLANG_WARN_BOOL_CONVERSION = YES;
				CLANG_WARN_CONSTANT_CONVERSION = YES;
				CLANG_WARN_DIRECT_OBJC_ISA_USAGE = YES_ERROR;
				CLANG_WARN_EMPTY_BODY = YES;
				CLANG_WARN_ENUM_CONVERSION = YES;
				CLANG_WARN_INT_CONVERSION = YES;
				CLANG_WARN_OBJC_ROOT_CLASS = YES_ERROR;
				CLANG_WARN_UNREACHABLE_CODE = YES;
				CLANG_WARN__DUPLICATE_METHOD_MATCH = YES;
				"CODE_SIGN_IDENTITY[sdk=iphoneos*]" = "iPhone Developer";
				COPY_PHASE_STRIP = NO;
				ENABLE_STRICT_OBJC_MSGSEND = YES;
				GCC_C_LANGUAGE_STANDARD = gnu99;
				GCC_DYNAMIC_NO_PIC = NO;
				GCC_OPTIMIZATION_LEVEL = 0;
				GCC_PREPROCESSOR_DEFINITIONS = (
					"DEBUG=1",
					"$(inherited)",
				);
				GCC_SYMBOLS_PRIVATE_EXTERN = NO;
				GCC_WARN_64_TO_32_BIT_CONVERSION = YES;
				GCC_WARN_ABOUT_RETURN_TYPE = YES_ERROR;
				GCC_WARN_UNDECLARED_SELECTOR = YES;
				GCC_WARN_UNINITIALIZED_AUTOS = YES_AGGRESSIVE;
				GCC_WARN_UNUSED_FUNCTION = YES;
				GCC_WARN_UNUSED_VARIABLE = YES;
				IPHONEOS_DEPLOYMENT_TARGET = 8.0;
				MTL_ENABLE_DEBUG_INFO = YES;
				ONLY_ACTIVE_ARCH = YES;
				SDKROOT = iphoneos;
			};
			name = Debug;
		};
		50B495C21996AF4700370281 /* Release */ = {
			isa = XCBuildConfiguration;
			buildSettings = {
				ALWAYS_SEARCH_USER_PATHS = NO;
				CLANG_CXX_LANGUAGE_STANDARD = "gnu++0x";
				CLANG_CXX_LIBRARY = "libc++";
				CLANG_ENABLE_MODULES = YES;
				CLANG_ENABLE_OBJC_ARC = YES;
				CLANG_WARN_BOOL_CONVERSION = YES;
				CLANG_WARN_CONSTANT_CONVERSION = YES;
				CLANG_WARN_DIRECT_OBJC_ISA_USAGE = YES_ERROR;
				CLANG_WARN_EMPTY_BODY = YES;
				CLANG_WARN_ENUM_CONVERSION = YES;
				CLANG_WARN_INT_CONVERSION = YES;
				CLANG_WARN_OBJC_ROOT_CLASS = YES_ERROR;
				CLANG_WARN_UNREACHABLE_CODE = YES;
				CLANG_WARN__DUPLICATE_METHOD_MATCH = YES;
				"CODE_SIGN_IDENTITY[sdk=iphoneos*]" = "iPhone Developer";
				COPY_PHASE_STRIP = YES;
				ENABLE_NS_ASSERTIONS = NO;
				ENABLE_STRICT_OBJC_MSGSEND = YES;
				GCC_C_LANGUAGE_STANDARD = gnu99;
				GCC_WARN_64_TO_32_BIT_CONVERSION = YES;
				GCC_WARN_ABOUT_RETURN_TYPE = YES_ERROR;
				GCC_WARN_UNDECLARED_SELECTOR = YES;
				GCC_WARN_UNINITIALIZED_AUTOS = YES_AGGRESSIVE;
				GCC_WARN_UNUSED_FUNCTION = YES;
				GCC_WARN_UNUSED_VARIABLE = YES;
				IPHONEOS_DEPLOYMENT_TARGET = 8.0;
				MTL_ENABLE_DEBUG_INFO = NO;
				SDKROOT = iphoneos;
				VALIDATE_PRODUCT = YES;
			};
			name = Release;
		};
		50B495C41996AF4700370281 /* Debug */ = {
			isa = XCBuildConfiguration;
			buildSettings = {
				ASSETCATALOG_COMPILER_APPICON_NAME = AppIcon;
				ASSETCATALOG_COMPILER_LAUNCHIMAGE_NAME = LaunchImage;
				INFOPLIST_FILE = "Test App/Info.plist";
				IPHONEOS_DEPLOYMENT_TARGET = 7.0;
				LD_RUNPATH_SEARCH_PATHS = "$(inherited) @executable_path/Frameworks";
				PRODUCT_NAME = "$(TARGET_NAME)";
			};
			name = Debug;
		};
		50B495C51996AF4700370281 /* Release */ = {
			isa = XCBuildConfiguration;
			buildSettings = {
				ASSETCATALOG_COMPILER_APPICON_NAME = AppIcon;
				ASSETCATALOG_COMPILER_LAUNCHIMAGE_NAME = LaunchImage;
				INFOPLIST_FILE = "Test App/Info.plist";
				IPHONEOS_DEPLOYMENT_TARGET = 7.0;
				LD_RUNPATH_SEARCH_PATHS = "$(inherited) @executable_path/Frameworks";
				PRODUCT_NAME = "$(TARGET_NAME)";
			};
			name = Release;
		};
		50B495C71996AF4700370281 /* Debug */ = {
			isa = XCBuildConfiguration;
			buildSettings = {
				BUNDLE_LOADER = "$(BUILT_PRODUCTS_DIR)/Test App.app/Test App";
				FRAMEWORK_SEARCH_PATHS = (
					"$(SDKROOT)/Developer/Library/Frameworks",
					"$(inherited)",
				);
				GCC_PREPROCESSOR_DEFINITIONS = (
					"DEBUG=1",
					"$(inherited)",
				);
				INFOPLIST_FILE = "Test AppTests/Info.plist";
				LD_RUNPATH_SEARCH_PATHS = "$(inherited) @executable_path/Frameworks @loader_path/Frameworks";
				PRODUCT_NAME = "$(TARGET_NAME)";
				TEST_HOST = "$(BUNDLE_LOADER)";
			};
			name = Debug;
		};
		50B495C81996AF4700370281 /* Release */ = {
			isa = XCBuildConfiguration;
			buildSettings = {
				BUNDLE_LOADER = "$(BUILT_PRODUCTS_DIR)/Test App.app/Test App";
				FRAMEWORK_SEARCH_PATHS = (
					"$(SDKROOT)/Developer/Library/Frameworks",
					"$(inherited)",
				);
				INFOPLIST_FILE = "Test AppTests/Info.plist";
				LD_RUNPATH_SEARCH_PATHS = "$(inherited) @executable_path/Frameworks @loader_path/Frameworks";
				PRODUCT_NAME = "$(TARGET_NAME)";
				TEST_HOST = "$(BUNDLE_LOADER)";
			};
			name = Release;
		};
/* End XCBuildConfiguration section */

/* Begin XCConfigurationList section */
		50B4959B1996AF4600370281 /* Build configuration list for PBXProject "Test App" */ = {
			isa = XCConfigurationList;
			buildConfigurations = (
				50B495C11996AF4700370281 /* Debug */,
				50B495C21996AF4700370281 /* Release */,
			);
			defaultConfigurationIsVisible = 0;
			defaultConfigurationName = Release;
		};
		50B495C31996AF4700370281 /* Build configuration list for PBXNativeTarget "Test App" */ = {
			isa = XCConfigurationList;
			buildConfigurations = (
				50B495C41996AF4700370281 /* Debug */,
				50B495C51996AF4700370281 /* Release */,
			);
			defaultConfigurationIsVisible = 0;
		};
		50B495C61996AF4700370281 /* Build configuration list for PBXNativeTarget "Test AppTests" */ = {
			isa = XCConfigurationList;
			buildConfigurations = (
				50B495C71996AF4700370281 /* Debug */,
				50B495C81996AF4700370281 /* Release */,
			);
			defaultConfigurationIsVisible = 0;
		};
/* End XCConfigurationList section */
	};
	rootObject = 50B495981996AF4600370281 /* Project object */;
}
